{
  "name": "iobroker.alexa-cloud",
  "version": "0.0.1",
  "lockfileVersion": 1,
  "requires": true,
  "dependencies": {
    "@iobroker/adapter-core": {
      "version": "1.0.3",
      "resolved": "https://registry.npmjs.org/@iobroker/adapter-core/-/adapter-core-1.0.3.tgz",
      "integrity": "sha512-qsTdSDKgu5WXXQpNTUCuCa/CQYuy1oiSSRT5RJuNhGFtArp2E3hNRB3l/idQEV9FYOL2myKJSVk25sBXKgvF6A==",
      "requires": {
        "@types/iobroker": "^1.4.3"
      }
    },
    "@types/iobroker": {
      "version": "1.4.13",
      "resolved": "https://registry.npmjs.org/@types/iobroker/-/iobroker-1.4.13.tgz",
      "integrity": "sha512-0tvT8EBw/r2Pwl9ikOCHnnqcTBRs5EM71kIC41AJv+Qckj1Gfa+5qPsgAwyHhK1LbO6HY5XxYryM1uau3snwfg==",
      "requires": {
        "@types/node": "*"
      }
    },
    "@types/node": {
      "version": "14.14.16",
      "resolved": "https://registry.npmjs.org/@types/node/-/node-14.14.16.tgz",
      "integrity": "sha512-naXYePhweTi+BMv11TgioE2/FXU4fSl29HAH1ffxVciNsH3rYXjNP2yM8wqmSm7jS20gM8TIklKiTen+1iVncw=="
    },
    "uuid": {
      "version": "8.3.2",
      "resolved": "https://registry.npmjs.org/uuid/-/uuid-8.3.2.tgz",
      "integrity": "sha512-+NYs2QeMWy+GWFOEm9xnn6HCDp0l7QBD7ml8zLUmJ+93Q5NF0NocErnwkTkXVFNiX3/fpC6afS8Dhb/gz7R7eg=="
    }
  }
}
